
Microsoft Visual Studio Solution File, Format Version 12.00
# Visual Studio Version 17
VisualStudioVersion = 17.14.36518.9
MinimumVisualStudioVersion = 10.0.40219.1
Project("{FAE04EC0-301F-11D3-BF4B-00C04F79EFBC}") = "AgenciaViajes.View", "AgenciaViajes.View\AgenciaViajes.View.csproj", "{DEEEE1F8-24A8-4496-8D8A-7F68F18CEF6E}"
EndProject
Project("{FAE04EC0-301F-11D3-BF4B-00C04F79EFBC}") = "AgenciaViajes.Model", "agenciaViajes.Model\AgenciaViajes.Model.csproj", "{59EAE750-74B4-495B-B432-C5AA6D3B1901}"
EndProject
Project("{FAE04EC0-301F-11D3-BF4B-00C04F79EFBC}") = "AgenciaViajes.Controller", "AgenciaViajes.Controller\AgenciaViajes.Controller.csproj", "{E7B5F82B-AFAD-4DD3-BAD7-9A2B8B202F65}"
EndProject
Project("{FAE04EC0-301F-11D3-BF4B-00C04F79EFBC}") = "VistasWPF", "VistasWPF\VistasWPF.csproj", "{C1A3DF67-AAE1-4270-B629-334D2B088706}"
EndProject
Global
	GlobalSection(SolutionConfigurationPlatforms) = preSolution
		Debug|Any CPU = Debug|Any CPU
		Release|Any CPU = Release|Any CPU
	EndGlobalSection
	GlobalSection(ProjectConfigurationPlatforms) = postSolution
		{DEEEE1F8-24A8-4496-8D8A-7F68F18CEF6E}.Debug|Any CPU.ActiveCfg = Debug|Any CPU
		{DEEEE1F8-24A8-4496-8D8A-7F68F18CEF6E}.Debug|Any CPU.Build.0 = Debug|Any CPU
		{DEEEE1F8-24A8-4496-8D8A-7F68F18CEF6E}.Release|Any CPU.ActiveCfg = Release|Any CPU
		{DEEEE1F8-24A8-4496-8D8A-7F68F18CEF6E}.Release|Any CPU.Build.0 = Release|Any CPU
		{59EAE750-74B4-495B-B432-C5AA6D3B1901}.Debug|Any CPU.ActiveCfg = Debug|Any CPU
		{59EAE750-74B4-495B-B432-C5AA6D3B1901}.Debug|Any CPU.Build.0 = Debug|Any CPU
		{59EAE750-74B4-495B-B432-C5AA6D3B1901}.Release|Any CPU.ActiveCfg = Release|Any CPU
		{59EAE750-74B4-495B-B432-C5AA6D3B1901}.Release|Any CPU.Build.0 = Release|Any CPU
		{E7B5F82B-AFAD-4DD3-BAD7-9A2B8B202F65}.Debug|Any CPU.ActiveCfg = Debug|Any CPU
		{E7B5F82B-AFAD-4DD3-BAD7-9A2B8B202F65}.Debug|Any CPU.Build.0 = Debug|Any CPU
		{E7B5F82B-AFAD-4DD3-BAD7-9A2B8B202F65}.Release|Any CPU.ActiveCfg = Release|Any CPU
		{E7B5F82B-AFAD-4DD3-BAD7-9A2B8B202F65}.Release|Any CPU.Build.0 = Release|Any CPU
		{C1A3DF67-AAE1-4270-B629-334D2B088706}.Debug|Any CPU.ActiveCfg = Debug|Any CPU
		{C1A3DF67-AAE1-4270-B629-334D2B088706}.Debug|Any CPU.Build.0 = Debug|Any CPU
		{C1A3DF67-AAE1-4270-B629-334D2B088706}.Release|Any CPU.ActiveCfg = Release|Any CPU
		{C1A3DF67-AAE1-4270-B629-334D2B088706}.Release|Any CPU.Build.0 = Release|Any CPU
	EndGlobalSection
	GlobalSection(SolutionProperties) = preSolution
		HideSolutionNode = FALSE
	EndGlobalSection
	GlobalSection(ExtensibilityGlobals) = postSolution
		SolutionGuid = {354EE2CE-DCAE-49C7-B472-918F5260C718}
	EndGlobalSection
EndGlobal
